
Microsoft Visual Studio Solution File, Format Version 12.00
# Visual Studio Version 16
VisualStudioVersion = 16.0.31402.337
MinimumVisualStudioVersion = 10.0.40219.1
Project("{8BC9CEB8-8B4A-11D0-8D11-00A0C91BC942}") = "week13", "week13\week13.vcxproj", "{EA9AB6F2-947D-45E0-B70A-74D012518126}"
EndProject
Global
	GlobalSection(SolutionConfigurationPlatforms) = preSolution
		Debug|x64 = Debug|x64
		Debug|x86 = Debug|x86
		Release|x64 = Release|x64
		Release|x86 = Release|x86
	EndGlobalSection
	GlobalSection(ProjectConfigurationPlatforms) = postSolution
		{EA9AB6F2-947D-45E0-B70A-74D012518126}.Debug|x64.ActiveCfg = Debug|x64
		{EA9AB6F2-947D-45E0-B70A-74D012518126}.Debug|x64.Build.0 = Debug|x64
		{EA9AB6F2-947D-45E0-B70A-74D012518126}.Debug|x86.ActiveCfg = Debug|Win32
		{EA9AB6F2-947D-45E0-B70A-74D012518126}.Debug|x86.Build.0 = Debug|Win32
		{EA9AB6F2-947D-45E0-B70A-74D012518126}.Release|x64.ActiveCfg = Release|x64
		{EA9AB6F2-947D-45E0-B70A-74D012518126}.Release|x64.Build.0 = Release|x64
		{EA9AB6F2-947D-45E0-B70A-74D012518126}.Release|x86.ActiveCfg = Release|Win32
		{EA9AB6F2-947D-45E0-B70A-74D012518126}.Release|x86.Build.0 = Release|Win32
	EndGlobalSection
	GlobalSection(SolutionProperties) = preSolution
		HideSolutionNode = FALSE
	EndGlobalSection
	GlobalSection(ExtensibilityGlobals) = postSolution
		SolutionGuid = {F323C3EB-F78E-4731-A66C-536C97AA6912}
	EndGlobalSection
EndGlobal
